
Microsoft Visual Studio Solution File, Format Version 12.00
# Visual Studio Version 16
VisualStudioVersion = 16.0.31727.386
MinimumVisualStudioVersion = 10.0.40219.1
Project("{FAE04EC0-301F-11D3-BF4B-00C04F79EFBC}") = "Sum of Even Numbers After Queries", "Sum of Even Numbers After Queries\Sum of Even Numbers After Queries.csproj", "{6FDD0932-8A0B-4EED-8968-105DC92B088D}"
EndProject
Global
	GlobalSection(SolutionConfigurationPlatforms) = preSolution
		Debug|Any CPU = Debug|Any CPU
		Release|Any CPU = Release|Any CPU
	EndGlobalSection
	GlobalSection(ProjectConfigurationPlatforms) = postSolution
		{6FDD0932-8A0B-4EED-8968-105DC92B088D}.Debug|Any CPU.ActiveCfg = Debug|Any CPU
		{6FDD0932-8A0B-4EED-8968-105DC92B088D}.Debug|Any CPU.Build.0 = Debug|Any CPU
		{6FDD0932-8A0B-4EED-8968-105DC92B088D}.Release|Any CPU.ActiveCfg = Release|Any CPU
		{6FDD0932-8A0B-4EED-8968-105DC92B088D}.Release|Any CPU.Build.0 = Release|Any CPU
	EndGlobalSection
	GlobalSection(SolutionProperties) = preSolution
		HideSolutionNode = FALSE
	EndGlobalSection
	GlobalSection(ExtensibilityGlobals) = postSolution
		SolutionGuid = {75F48CE8-7EFE-41CF-96A8-CF606CDD4BB4}
	EndGlobalSection
EndGlobal
